// !$*UTF8*$!
{
	archiveVersion = 1;
	classes = {
	};
	objectVersion = 46;
	objects = {

/* Begin PBXBuildFile section */
		315F15791CF5F36700127D54 /* AppDelegate.swift in Sources */ = {isa = PBXBuildFile; fileRef = 315F15781CF5F36700127D54 /* AppDelegate.swift */; };
		315F157B1CF5F36700127D54 /* MapViewController.swift in Sources */ = {isa = PBXBuildFile; fileRef = 315F157A1CF5F36700127D54 /* MapViewController.swift */; };
		315F157E1CF5F36700127D54 /* Main.storyboard in Resources */ = {isa = PBXBuildFile; fileRef = 315F157C1CF5F36700127D54 /* Main.storyboard */; };
		315F15801CF5F36700127D54 /* Assets.xcassets in Resources */ = {isa = PBXBuildFile; fileRef = 315F157F1CF5F36700127D54 /* Assets.xcassets */; };
		315F15831CF5F36700127D54 /* LaunchScreen.storyboard in Resources */ = {isa = PBXBuildFile; fileRef = 315F15811CF5F36700127D54 /* LaunchScreen.storyboard */; };
		315F158E1CF5F36700127D54 /* Virtual_TouristTests.swift in Sources */ = {isa = PBXBuildFile; fileRef = 315F158D1CF5F36700127D54 /* Virtual_TouristTests.swift */; };
		315F15991CF5F36700127D54 /* Virtual_TouristUITests.swift in Sources */ = {isa = PBXBuildFile; fileRef = 315F15981CF5F36700127D54 /* Virtual_TouristUITests.swift */; };
		315F15A81CF61AC500127D54 /* Defaults.swift in Sources */ = {isa = PBXBuildFile; fileRef = 315F15A71CF61AC500127D54 /* Defaults.swift */; };
/* End PBXBuildFile section */

/* Begin PBXContainerItemProxy section */
		315F158A1CF5F36700127D54 /* PBXContainerItemProxy */ = {
			isa = PBXContainerItemProxy;
			containerPortal = 315F156D1CF5F36700127D54 /* Project object */;
			proxyType = 1;
			remoteGlobalIDString = 315F15741CF5F36700127D54;
			remoteInfo = "Virtual Tourist";
		};
		315F15951CF5F36700127D54 /* PBXContainerItemProxy */ = {
			isa = PBXContainerItemProxy;
			containerPortal = 315F156D1CF5F36700127D54 /* Project object */;
			proxyType = 1;
			remoteGlobalIDString = 315F15741CF5F36700127D54;
			remoteInfo = "Virtual Tourist";
		};
/* End PBXContainerItemProxy section */

/* Begin PBXFileReference section */
		315F15751CF5F36700127D54 /* Virtual Tourist.app */ = {isa = PBXFileReference; explicitFileType = wrapper.application; includeInIndex = 0; path = "Virtual Tourist.app"; sourceTree = BUILT_PRODUCTS_DIR; };
		315F15781CF5F36700127D54 /* AppDelegate.swift */ = {isa = PBXFileReference; lastKnownFileType = sourcecode.swift; path = AppDelegate.swift; sourceTree = "<group>"; };
		315F157A1CF5F36700127D54 /* MapViewController.swift */ = {isa = PBXFileReference; lastKnownFileType = sourcecode.swift; path = MapViewController.swift; sourceTree = "<group>"; };
		315F157D1CF5F36700127D54 /* Base */ = {isa = PBXFileReference; lastKnownFileType = file.storyboard; name = Base; path = Base.lproj/Main.storyboard; sourceTree = "<group>"; };
		315F157F1CF5F36700127D54 /* Assets.xcassets */ = {isa = PBXFileReference; lastKnownFileType = folder.assetcatalog; path = Assets.xcassets; sourceTree = "<group>"; };
		315F15821CF5F36700127D54 /* Base */ = {isa = PBXFileReference; lastKnownFileType = file.storyboard; name = Base; path = Base.lproj/LaunchScreen.storyboard; sourceTree = "<group>"; };
		315F15841CF5F36700127D54 /* Info.plist */ = {isa = PBXFileReference; lastKnownFileType = text.plist.xml; path = Info.plist; sourceTree = "<group>"; };
		315F15891CF5F36700127D54 /* Virtual TouristTests.xctest */ = {isa = PBXFileReference; explicitFileType = wrapper.cfbundle; includeInIndex = 0; path = "Virtual TouristTests.xctest"; sourceTree = BUILT_PRODUCTS_DIR; };
		315F158D1CF5F36700127D54 /* Virtual_TouristTests.swift */ = {isa = PBXFileReference; lastKnownFileType = sourcecode.swift; path = Virtual_TouristTests.swift; sourceTree = "<group>"; };
		315F158F1CF5F36700127D54 /* Info.plist */ = {isa = PBXFileReference; lastKnownFileType = text.plist.xml; path = Info.plist; sourceTree = "<group>"; };
		315F15941CF5F36700127D54 /* Virtual TouristUITests.xctest */ = {isa = PBXFileReference; explicitFileType = wrapper.cfbundle; includeInIndex = 0; path = "Virtual TouristUITests.xctest"; sourceTree = BUILT_PRODUCTS_DIR; };
		315F15981CF5F36700127D54 /* Virtual_TouristUITests.swift */ = {isa = PBXFileReference; lastKnownFileType = sourcecode.swift; path = Virtual_TouristUITests.swift; sourceTree = "<group>"; };
		315F159A1CF5F36700127D54 /* Info.plist */ = {isa = PBXFileReference; lastKnownFileType = text.plist.xml; path = Info.plist; sourceTree = "<group>"; };
		315F15A71CF61AC500127D54 /* Defaults.swift */ = {isa = PBXFileReference; fileEncoding = 4; lastKnownFileType = sourcecode.swift; path = Defaults.swift; sourceTree = "<group>"; };
/* End PBXFileReference section */

/* Begin PBXFrameworksBuildPhase section */
		315F15721CF5F36700127D54 /* Frameworks */ = {
			isa = PBXFrameworksBuildPhase;
			buildActionMask = 2147483647;
			files = (
			);
			runOnlyForDeploymentPostprocessing = 0;
		};
		315F15861CF5F36700127D54 /* Frameworks */ = {
			isa = PBXFrameworksBuildPhase;
			buildActionMask = 2147483647;
			files = (
			);
			runOnlyForDeploymentPostprocessing = 0;
		};
		315F15911CF5F36700127D54 /* Frameworks */ = {
			isa = PBXFrameworksBuildPhase;
			buildActionMask = 2147483647;
			files = (
			);
			runOnlyForDeploymentPostprocessing = 0;
		};
/* End PBXFrameworksBuildPhase section */

/* Begin PBXGroup section */
		315F156C1CF5F36700127D54 = {
			isa = PBXGroup;
			children = (
				315F15771CF5F36700127D54 /* Virtual Tourist */,
				315F158C1CF5F36700127D54 /* Virtual TouristTests */,
				315F15971CF5F36700127D54 /* Virtual TouristUITests */,
				315F15761CF5F36700127D54 /* Products */,
			);
			sourceTree = "<group>";
		};
		315F15761CF5F36700127D54 /* Products */ = {
			isa = PBXGroup;
			children = (
				315F15751CF5F36700127D54 /* Virtual Tourist.app */,
				315F15891CF5F36700127D54 /* Virtual TouristTests.xctest */,
				315F15941CF5F36700127D54 /* Virtual TouristUITests.xctest */,
			);
			name = Products;
			sourceTree = "<group>";
		};
		315F15771CF5F36700127D54 /* Virtual Tourist */ = {
			isa = PBXGroup;
			children = (
				315F15A61CF61AB700127D54 /* Model */,
				315F15781CF5F36700127D54 /* AppDelegate.swift */,
				315F157A1CF5F36700127D54 /* MapViewController.swift */,
				315F157C1CF5F36700127D54 /* Main.storyboard */,
				315F157F1CF5F36700127D54 /* Assets.xcassets */,
				315F15811CF5F36700127D54 /* LaunchScreen.storyboard */,
				315F15841CF5F36700127D54 /* Info.plist */,
			);
			path = "Virtual Tourist";
			sourceTree = "<group>";
		};
		315F158C1CF5F36700127D54 /* Virtual TouristTests */ = {
			isa = PBXGroup;
			children = (
				315F158D1CF5F36700127D54 /* Virtual_TouristTests.swift */,
				315F158F1CF5F36700127D54 /* Info.plist */,
			);
			path = "Virtual TouristTests";
			sourceTree = "<group>";
		};
		315F15971CF5F36700127D54 /* Virtual TouristUITests */ = {
			isa = PBXGroup;
			children = (
				315F15981CF5F36700127D54 /* Virtual_TouristUITests.swift */,
				315F159A1CF5F36700127D54 /* Info.plist */,
			);
			path = "Virtual TouristUITests";
			sourceTree = "<group>";
		};
		315F15A61CF61AB700127D54 /* Model */ = {
			isa = PBXGroup;
			children = (
				315F15A71CF61AC500127D54 /* Defaults.swift */,
			);
			name = Model;
			sourceTree = "<group>";
		};
/* End PBXGroup section */

/* Begin PBXNativeTarget section */
		315F15741CF5F36700127D54 /* Virtual Tourist */ = {
			isa = PBXNativeTarget;
			buildConfigurationList = 315F159D1CF5F36700127D54 /* Build configuration list for PBXNativeTarget "Virtual Tourist" */;
			buildPhases = (
				315F15711CF5F36700127D54 /* Sources */,
				315F15721CF5F36700127D54 /* Frameworks */,
				315F15731CF5F36700127D54 /* Resources */,
			);
			buildRules = (
			);
			dependencies = (
			);
			name = "Virtual Tourist";
			productName = "Virtual Tourist";
			productReference = 315F15751CF5F36700127D54 /* Virtual Tourist.app */;
			productType = "com.apple.product-type.application";
		};
		315F15881CF5F36700127D54 /* Virtual TouristTests */ = {
			isa = PBXNativeTarget;
			buildConfigurationList = 315F15A01CF5F36700127D54 /* Build configuration list for PBXNativeTarget "Virtual TouristTests" */;
			buildPhases = (
				315F15851CF5F36700127D54 /* Sources */,
				315F15861CF5F36700127D54 /* Frameworks */,
				315F15871CF5F36700127D54 /* Resources */,
			);
			buildRules = (
			);
			dependencies = (
				315F158B1CF5F36700127D54 /* PBXTargetDependency */,
			);
			name = "Virtual TouristTests";
			productName = "Virtual TouristTests";
			productReference = 315F15891CF5F36700127D54 /* Virtual TouristTests.xctest */;
			productType = "com.apple.product-type.bundle.unit-test";
		};
		315F15931CF5F36700127D54 /* Virtual TouristUITests */ = {
			isa = PBXNativeTarget;
			buildConfigurationList = 315F15A31CF5F36700127D54 /* Build configuration list for PBXNativeTarget "Virtual TouristUITests" */;
			buildPhases = (
				315F15901CF5F36700127D54 /* Sources */,
				315F15911CF5F36700127D54 /* Frameworks */,
				315F15921CF5F36700127D54 /* Resources */,
			);
			buildRules = (
			);
			dependencies = (
				315F15961CF5F36700127D54 /* PBXTargetDependency */,
			);
			name = "Virtual TouristUITests";
			productName = "Virtual TouristUITests";
			productReference = 315F15941CF5F36700127D54 /* Virtual TouristUITests.xctest */;
			productType = "com.apple.product-type.bundle.ui-testing";
		};
/* End PBXNativeTarget section */

/* Begin PBXProject section */
		315F156D1CF5F36700127D54 /* Project object */ = {
			isa = PBXProject;
			attributes = {
				LastSwiftUpdateCheck = 0730;
				LastUpgradeCheck = 0730;
				ORGANIZATIONNAME = "Robert Barry";
				TargetAttributes = {
					315F15741CF5F36700127D54 = {
						CreatedOnToolsVersion = 7.3.1;
						DevelopmentTeam = DYN55D8R3P;
					};
					315F15881CF5F36700127D54 = {
						CreatedOnToolsVersion = 7.3.1;
						DevelopmentTeam = DYN55D8R3P;
						TestTargetID = 315F15741CF5F36700127D54;
					};
					315F15931CF5F36700127D54 = {
						CreatedOnToolsVersion = 7.3.1;
						DevelopmentTeam = DYN55D8R3P;
						TestTargetID = 315F15741CF5F36700127D54;
					};
				};
			};
			buildConfigurationList = 315F15701CF5F36700127D54 /* Build configuration list for PBXProject "Virtual Tourist" */;
			compatibilityVersion = "Xcode 3.2";
			developmentRegion = English;
			hasScannedForEncodings = 0;
			knownRegions = (
				en,
				Base,
			);
			mainGroup = 315F156C1CF5F36700127D54;
			productRefGroup = 315F15761CF5F36700127D54 /* Products */;
			projectDirPath = "";
			projectRoot = "";
			targets = (
				315F15741CF5F36700127D54 /* Virtual Tourist */,
				315F15881CF5F36700127D54 /* Virtual TouristTests */,
				315F15931CF5F36700127D54 /* Virtual TouristUITests */,
			);
		};
/* End PBXProject section */

/* Begin PBXResourcesBuildPhase section */
		315F15731CF5F36700127D54 /* Resources */ = {
			isa = PBXResourcesBuildPhase;
			buildActionMask = 2147483647;
			files = (
				315F15831CF5F36700127D54 /* LaunchScreen.storyboard in Resources */,
				315F15801CF5F36700127D54 /* Assets.xcassets in Resources */,
				315F157E1CF5F36700127D54 /* Main.storyboard in Resources */,
			);
			runOnlyForDeploymentPostprocessing = 0;
		};
		315F15871CF5F36700127D54 /* Resources */ = {
			isa = PBXResourcesBuildPhase;
			buildActionMask = 2147483647;
			files = (
			);
			runOnlyForDeploymentPostprocessing = 0;
		};
		315F15921CF5F36700127D54 /* Resources */ = {
			isa = PBXResourcesBuildPhase;
			buildActionMask = 2147483647;
			files = (
			);
			runOnlyForDeploymentPostprocessing = 0;
		};
/* End PBXResourcesBuildPhase section */

/* Begin PBXSourcesBuildPhase section */
		315F15711CF5F36700127D54 /* Sources */ = {
			isa = PBXSourcesBuildPhase;
			buildActionMask = 2147483647;
			files = (
				315F15A81CF61AC500127D54 /* Defaults.swift in Sources */,
				315F157B1CF5F36700127D54 /* MapViewController.swift in Sources */,
				315F15791CF5F36700127D54 /* AppDelegate.swift in Sources */,
			);
			runOnlyForDeploymentPostprocessing = 0;
		};
		315F15851CF5F36700127D54 /* Sources */ = {
			isa = PBXSourcesBuildPhase;
			buildActionMask = 2147483647;
			files = (
				315F158E1CF5F36700127D54 /* Virtual_TouristTests.swift in Sources */,
			);
			runOnlyForDeploymentPostprocessing = 0;
		};
		315F15901CF5F36700127D54 /* Sources */ = {
			isa = PBXSourcesBuildPhase;
			buildActionMask = 2147483647;
			files = (
				315F15991CF5F36700127D54 /* Virtual_TouristUITests.swift in Sources */,
			);
			runOnlyForDeploymentPostprocessing = 0;
		};
/* End PBXSourcesBuildPhase section */

/* Begin PBXTargetDependency section */
		315F158B1CF5F36700127D54 /* PBXTargetDependency */ = {
			isa = PBXTargetDependency;
			target = 315F15741CF5F36700127D54 /* Virtual Tourist */;
			targetProxy = 315F158A1CF5F36700127D54 /* PBXContainerItemProxy */;
		};
		315F15961CF5F36700127D54 /* PBXTargetDependency */ = {
			isa = PBXTargetDependency;
			target = 315F15741CF5F36700127D54 /* Virtual Tourist */;
			targetProxy = 315F15951CF5F36700127D54 /* PBXContainerItemProxy */;
		};
/* End PBXTargetDependency section */

/* Begin PBXVariantGroup section */
		315F157C1CF5F36700127D54 /* Main.storyboard */ = {
			isa = PBXVariantGroup;
			children = (
				315F157D1CF5F36700127D54 /* Base */,
			);
			name = Main.storyboard;
			sourceTree = "<group>";
		};
		315F15811CF5F36700127D54 /* LaunchScreen.storyboard */ = {
			isa = PBXVariantGroup;
			children = (
				315F15821CF5F36700127D54 /* Base */,
			);
			name = LaunchScreen.storyboard;
			sourceTree = "<group>";
		};
/* End PBXVariantGroup section */

/* Begin XCBuildConfiguration section */
		315F159B1CF5F36700127D54 /* Debug */ = {
			isa = XCBuildConfiguration;
			buildSettings = {
				ALWAYS_SEARCH_USER_PATHS = NO;
				CLANG_ANALYZER_NONNULL = YES;
				CLANG_CXX_LANGUAGE_STANDARD = "gnu++0x";
				CLANG_CXX_LIBRARY = "libc++";
				CLANG_ENABLE_MODULES = YES;
				CLANG_ENABLE_OBJC_ARC = YES;
				CLANG_WARN_BOOL_CONVERSION = YES;
				CLANG_WARN_CONSTANT_CONVERSION = YES;
				CLANG_WARN_DIRECT_OBJC_ISA_USAGE = YES_ERROR;
				CLANG_WARN_EMPTY_BODY = YES;
				CLANG_WARN_ENUM_CONVERSION = YES;
				CLANG_WARN_INT_CONVERSION = YES;
				CLANG_WARN_OBJC_ROOT_CLASS = YES_ERROR;
				CLANG_WARN_UNREACHABLE_CODE = YES;
				CLANG_WARN__DUPLICATE_METHOD_MATCH = YES;
				"CODE_SIGN_IDENTITY[sdk=iphoneos*]" = "iPhone Developer";
				COPY_PHASE_STRIP = NO;
				DEBUG_INFORMATION_FORMAT = dwarf;
				ENABLE_STRICT_OBJC_MSGSEND = YES;
				ENABLE_TESTABILITY = YES;
				GCC_C_LANGUAGE_STANDARD = gnu99;
				GCC_DYNAMIC_NO_PIC = NO;
				GCC_NO_COMMON_BLOCKS = YES;
				GCC_OPTIMIZATION_LEVEL = 0;
				GCC_PREPROCESSOR_DEFINITIONS = (
					"DEBUG=1",
					"$(inherited)",
				);
				GCC_WARN_64_TO_32_BIT_CONVERSION = YES;
				GCC_WARN_ABOUT_RETURN_TYPE = YES_ERROR;
				GCC_WARN_UNDECLARED_SELECTOR = YES;
				GCC_WARN_UNINITIALIZED_AUTOS = YES_AGGRESSIVE;
				GCC_WARN_UNUSED_FUNCTION = YES;
				GCC_WARN_UNUSED_VARIABLE = YES;
				IPHONEOS_DEPLOYMENT_TARGET = 9.3;
				MTL_ENABLE_DEBUG_INFO = YES;
				ONLY_ACTIVE_ARCH = YES;
				SDKROOT = iphoneos;
				SWIFT_OPTIMIZATION_LEVEL = "-Onone";
			};
			name = Debug;
		};
		315F159C1CF5F36700127D54 /* Release */ = {
			isa = XCBuildConfiguration;
			buildSettings = {
				ALWAYS_SEARCH_USER_PATHS = NO;
				CLANG_ANALYZER_NONNULL = YES;
				CLANG_CXX_LANGUAGE_STANDARD = "gnu++0x";
				CLANG_CXX_LIBRARY = "libc++";
				CLANG_ENABLE_MODULES = YES;
				CLANG_ENABLE_OBJC_ARC = YES;
				CLANG_WARN_BOOL_CONVERSION = YES;
				CLANG_WARN_CONSTANT_CONVERSION = YES;
				CLANG_WARN_DIRECT_OBJC_ISA_USAGE = YES_ERROR;
				CLANG_WARN_EMPTY_BODY = YES;
				CLANG_WARN_ENUM_CONVERSION = YES;
				CLANG_WARN_INT_CONVERSION = YES;
				CLANG_WARN_OBJC_ROOT_CLASS = YES_ERROR;
				CLANG_WARN_UNREACHABLE_CODE = YES;
				CLANG_WARN__DUPLICATE_METHOD_MATCH = YES;
				"CODE_SIGN_IDENTITY[sdk=iphoneos*]" = "iPhone Developer";
				COPY_PHASE_STRIP = NO;
				DEBUG_INFORMATION_FORMAT = "dwarf-with-dsym";
				ENABLE_NS_ASSERTIONS = NO;
				ENABLE_STRICT_OBJC_MSGSEND = YES;
				GCC_C_LANGUAGE_STANDARD = gnu99;
				GCC_NO_COMMON_BLOCKS = YES;
				GCC_WARN_64_TO_32_BIT_CONVERSION = YES;
				GCC_WARN_ABOUT_RETURN_TYPE = YES_ERROR;
				GCC_WARN_UNDECLARED_SELECTOR = YES;
				GCC_WARN_UNINITIALIZED_AUTOS = YES_AGGRESSIVE;
				GCC_WARN_UNUSED_FUNCTION = YES;
				GCC_WARN_UNUSED_VARIABLE = YES;
				IPHONEOS_DEPLOYMENT_TARGET = 9.3;
				MTL_ENABLE_DEBUG_INFO = NO;
				SDKROOT = iphoneos;
				VALIDATE_PRODUCT = YES;
			};
			name = Release;
		};
		315F159E1CF5F36700127D54 /* Debug */ = {
			isa = XCBuildConfiguration;
			buildSettings = {
				ASSETCATALOG_COMPILER_APPICON_NAME = AppIcon;
				INFOPLIST_FILE = "Virtual Tourist/Info.plist";
				LD_RUNPATH_SEARCH_PATHS = "$(inherited) @executable_path/Frameworks";
				PRODUCT_BUNDLE_IDENTIFIER = "net.robertbarry.Virtual-Tourist";
				PRODUCT_NAME = "$(TARGET_NAME)";
			};
			name = Debug;
		};
		315F159F1CF5F36700127D54 /* Release */ = {
			isa = XCBuildConfiguration;
			buildSettings = {
				ASSETCATALOG_COMPILER_APPICON_NAME = AppIcon;
				INFOPLIST_FILE = "Virtual Tourist/Info.plist";
				LD_RUNPATH_SEARCH_PATHS = "$(inherited) @executable_path/Frameworks";
				PRODUCT_BUNDLE_IDENTIFIER = "net.robertbarry.Virtual-Tourist";
				PRODUCT_NAME = "$(TARGET_NAME)";
			};
			name = Release;
		};
		315F15A11CF5F36700127D54 /* Debug */ = {
			isa = XCBuildConfiguration;
			buildSettings = {
				BUNDLE_LOADER = "$(TEST_HOST)";
				INFOPLIST_FILE = "Virtual TouristTests/Info.plist";
				LD_RUNPATH_SEARCH_PATHS = "$(inherited) @executable_path/Frameworks @loader_path/Frameworks";
				PRODUCT_BUNDLE_IDENTIFIER = "net.robertbarry.Virtual-TouristTests";
				PRODUCT_NAME = "$(TARGET_NAME)";
				TEST_HOST = "$(BUILT_PRODUCTS_DIR)/Virtual Tourist.app/Virtual Tourist";
			};
			name = Debug;
		};
		315F15A21CF5F36700127D54 /* Release */ = {
			isa = XCBuildConfiguration;
			buildSettings = {
				BUNDLE_LOADER = "$(TEST_HOST)";
				INFOPLIST_FILE = "Virtual TouristTests/Info.plist";
				LD_RUNPATH_SEARCH_PATHS = "$(inherited) @executable_path/Frameworks @loader_path/Frameworks";
				PRODUCT_BUNDLE_IDENTIFIER = "net.robertbarry.Virtual-TouristTests";
				PRODUCT_NAME = "$(TARGET_NAME)";
				TEST_HOST = "$(BUILT_PRODUCTS_DIR)/Virtual Tourist.app/Virtual Tourist";
			};
			name = Release;
		};
		315F15A41CF5F36700127D54 /* Debug */ = {
			isa = XCBuildConfiguration;
			buildSettings = {
				INFOPLIST_FILE = "Virtual TouristUITests/Info.plist";
				LD_RUNPATH_SEARCH_PATHS = "$(inherited) @executable_path/Frameworks @loader_path/Frameworks";
				PRODUCT_BUNDLE_IDENTIFIER = "net.robertbarry.Virtual-TouristUITests";
				PRODUCT_NAME = "$(TARGET_NAME)";
				TEST_TARGET_NAME = "Virtual Tourist";
			};
			name = Debug;
		};
		315F15A51CF5F36700127D54 /* Release */ = {
			isa = XCBuildConfiguration;
			buildSettings = {
				INFOPLIST_FILE = "Virtual TouristUITests/Info.plist";
				LD_RUNPATH_SEARCH_PATHS = "$(inherited) @executable_path/Frameworks @loader_path/Frameworks";
				PRODUCT_BUNDLE_IDENTIFIER = "net.robertbarry.Virtual-TouristUITests";
				PRODUCT_NAME = "$(TARGET_NAME)";
				TEST_TARGET_NAME = "Virtual Tourist";
			};
			name = Release;
		};
/* End XCBuildConfiguration section */

/* Begin XCConfigurationList section */
		315F15701CF5F36700127D54 /* Build configuration list for PBXProject "Virtual Tourist" */ = {
			isa = XCConfigurationList;
			buildConfigurations = (
				315F159B1CF5F36700127D54 /* Debug */,
				315F159C1CF5F36700127D54 /* Release */,
			);
			defaultConfigurationIsVisible = 0;
			defaultConfigurationName = Release;
		};
		315F159D1CF5F36700127D54 /* Build configuration list for PBXNativeTarget "Virtual Tourist" */ = {
			isa = XCConfigurationList;
			buildConfigurations = (
				315F159E1CF5F36700127D54 /* Debug */,
				315F159F1CF5F36700127D54 /* Release */,
			);
			defaultConfigurationIsVisible = 0;
		};
		315F15A01CF5F36700127D54 /* Build configuration list for PBXNativeTarget "Virtual TouristTests" */ = {
			isa = XCConfigurationList;
			buildConfigurations = (
				315F15A11CF5F36700127D54 /* Debug */,
				315F15A21CF5F36700127D54 /* Release */,
			);
			defaultConfigurationIsVisible = 0;
		};
		315F15A31CF5F36700127D54 /* Build configuration list for PBXNativeTarget "Virtual TouristUITests" */ = {
			isa = XCConfigurationList;
			buildConfigurations = (
				315F15A41CF5F36700127D54 /* Debug */,
				315F15A51CF5F36700127D54 /* Release */,
			);
			defaultConfigurationIsVisible = 0;
		};
/* End XCConfigurationList section */
	};
	rootObject = 315F156D1CF5F36700127D54 /* Project object */;
}
